
Microsoft Visual Studio Solution File, Format Version 12.00
# Visual Studio Version 16
VisualStudioVersion = 16.0.33801.447
MinimumVisualStudioVersion = 10.0.40219.1
Project("{9A19103F-16F7-4668-BE54-9A1E7A4F7556}") = "Examples", "Examples.csproj", "{9AF63C2C-A8BD-48E9-979D-0DAC07978AB9}"
EndProject
Global
	GlobalSection(SolutionConfigurationPlatforms) = preSolution
		Debug|Any CPU = Debug|Any CPU
		Debug|x64 = Debug|x64
		Release|Any CPU = Release|Any CPU
		Release|x64 = Release|x64
	EndGlobalSection
	GlobalSection(ProjectConfigurationPlatforms) = postSolution
		{9AF63C2C-A8BD-48E9-979D-0DAC07978AB9}.Debug|Any CPU.ActiveCfg = Debug|Any CPU
		{9AF63C2C-A8BD-48E9-979D-0DAC07978AB9}.Debug|Any CPU.Build.0 = Debug|Any CPU
		{9AF63C2C-A8BD-48E9-979D-0DAC07978AB9}.Debug|x64.ActiveCfg = Debug|x64
		{9AF63C2C-A8BD-48E9-979D-0DAC07978AB9}.Debug|x64.Build.0 = Debug|x64
		{9AF63C2C-A8BD-48E9-979D-0DAC07978AB9}.Release|Any CPU.ActiveCfg = Release|Any CPU
		{9AF63C2C-A8BD-48E9-979D-0DAC07978AB9}.Release|Any CPU.Build.0 = Release|Any CPU
		{9AF63C2C-A8BD-48E9-979D-0DAC07978AB9}.Release|x64.ActiveCfg = Release|x64
		{9AF63C2C-A8BD-48E9-979D-0DAC07978AB9}.Release|x64.Build.0 = Release|x64
	EndGlobalSection
	GlobalSection(SolutionProperties) = preSolution
		HideSolutionNode = FALSE
	EndGlobalSection
	GlobalSection(ExtensibilityGlobals) = postSolution
		SolutionGuid = {5B51D48F-4D8A-48C9-AA82-493A6B52A095}
	EndGlobalSection
EndGlobal
